// !$*UTF8*$!
{
	archiveVersion = 1;
	classes = {
	};
	objectVersion = 56;
	objects = {

/* Begin PBXBuildFile section */
		A3D6E5902C44FA360032F076 /* AppDelegate.swift in Sources */ = {isa = PBXBuildFile; fileRef = A3D6E58F2C44FA360032F076 /* AppDelegate.swift */; };
		A3D6E5922C44FA360032F076 /* SceneDelegate.swift in Sources */ = {isa = PBXBuildFile; fileRef = A3D6E5912C44FA360032F076 /* SceneDelegate.swift */; };
		A3D6E5942C44FA360032F076 /* ViewController.swift in Sources */ = {isa = PBXBuildFile; fileRef = A3D6E5932C44FA360032F076 /* ViewController.swift */; };
		A3D6E5972C44FA360032F076 /* Base in Resources */ = {isa = PBXBuildFile; fileRef = A3D6E5962C44FA360032F076 /* Base */; };
		A3D6E5992C44FA380032F076 /* Assets.xcassets in Resources */ = {isa = PBXBuildFile; fileRef = A3D6E5982C44FA380032F076 /* Assets.xcassets */; };
		A3D6E59C2C44FA380032F076 /* Base in Resources */ = {isa = PBXBuildFile; fileRef = A3D6E59B2C44FA380032F076 /* Base */; };
		A3D6E5A72C44FA390032F076 /* CounterTests.swift in Sources */ = {isa = PBXBuildFile; fileRef = A3D6E5A62C44FA390032F076 /* CounterTests.swift */; };
		A3D6E5B12C44FA390032F076 /* CounterUITests.swift in Sources */ = {isa = PBXBuildFile; fileRef = A3D6E5B02C44FA390032F076 /* CounterUITests.swift */; };
		A3D6E5B32C44FA390032F076 /* CounterUITestsLaunchTests.swift in Sources */ = {isa = PBXBuildFile; fileRef = A3D6E5B22C44FA390032F076 /* CounterUITestsLaunchTests.swift */; };
/* End PBXBuildFile section */

/* Begin PBXContainerItemProxy section */
		A3D6E5A32C44FA380032F076 /* PBXContainerItemProxy */ = {
			isa = PBXContainerItemProxy;
			containerPortal = A3D6E5842C44FA360032F076 /* Project object */;
			proxyType = 1;
			remoteGlobalIDString = A3D6E58B2C44FA360032F076;
			remoteInfo = Counter;
		};
		A3D6E5AD2C44FA390032F076 /* PBXContainerItemProxy */ = {
			isa = PBXContainerItemProxy;
			containerPortal = A3D6E5842C44FA360032F076 /* Project object */;
			proxyType = 1;
			remoteGlobalIDString = A3D6E58B2C44FA360032F076;
			remoteInfo = Counter;
		};
/* End PBXContainerItemProxy section */

/* Begin PBXFileReference section */
		A3D6E58C2C44FA360032F076 /* Counter.app */ = {isa = PBXFileReference; explicitFileType = wrapper.application; includeInIndex = 0; path = Counter.app; sourceTree = BUILT_PRODUCTS_DIR; };
		A3D6E58F2C44FA360032F076 /* AppDelegate.swift */ = {isa = PBXFileReference; lastKnownFileType = sourcecode.swift; path = AppDelegate.swift; sourceTree = "<group>"; };
		A3D6E5912C44FA360032F076 /* SceneDelegate.swift */ = {isa = PBXFileReference; lastKnownFileType = sourcecode.swift; path = SceneDelegate.swift; sourceTree = "<group>"; };
		A3D6E5932C44FA360032F076 /* ViewController.swift */ = {isa = PBXFileReference; lastKnownFileType = sourcecode.swift; path = ViewController.swift; sourceTree = "<group>"; };
		A3D6E5962C44FA360032F076 /* Base */ = {isa = PBXFileReference; lastKnownFileType = file.storyboard; name = Base; path = Base.lproj/Main.storyboard; sourceTree = "<group>"; };
		A3D6E5982C44FA380032F076 /* Assets.xcassets */ = {isa = PBXFileReference; lastKnownFileType = folder.assetcatalog; path = Assets.xcassets; sourceTree = "<group>"; };
		A3D6E59B2C44FA380032F076 /* Base */ = {isa = PBXFileReference; lastKnownFileType = file.storyboard; name = Base; path = Base.lproj/LaunchScreen.storyboard; sourceTree = "<group>"; };
		A3D6E59D2C44FA380032F076 /* Info.plist */ = {isa = PBXFileReference; lastKnownFileType = text.plist.xml; path = Info.plist; sourceTree = "<group>"; };
		A3D6E5A22C44FA380032F076 /* CounterTests.xctest */ = {isa = PBXFileReference; explicitFileType = wrapper.cfbundle; includeInIndex = 0; path = CounterTests.xctest; sourceTree = BUILT_PRODUCTS_DIR; };
		A3D6E5A62C44FA390032F076 /* CounterTests.swift */ = {isa = PBXFileReference; lastKnownFileType = sourcecode.swift; path = CounterTests.swift; sourceTree = "<group>"; };
		A3D6E5AC2C44FA390032F076 /* CounterUITests.xctest */ = {isa = PBXFileReference; explicitFileType = wrapper.cfbundle; includeInIndex = 0; path = CounterUITests.xctest; sourceTree = BUILT_PRODUCTS_DIR; };
		A3D6E5B02C44FA390032F076 /* CounterUITests.swift */ = {isa = PBXFileReference; lastKnownFileType = sourcecode.swift; path = CounterUITests.swift; sourceTree = "<group>"; };
		A3D6E5B22C44FA390032F076 /* CounterUITestsLaunchTests.swift */ = {isa = PBXFileReference; lastKnownFileType = sourcecode.swift; path = CounterUITestsLaunchTests.swift; sourceTree = "<group>"; };
/* End PBXFileReference section */

/* Begin PBXFrameworksBuildPhase section */
		A3D6E5892C44FA360032F076 /* Frameworks */ = {
			isa = PBXFrameworksBuildPhase;
			buildActionMask = 2147483647;
			files = (
			);
			runOnlyForDeploymentPostprocessing = 0;
		};
		A3D6E59F2C44FA380032F076 /* Frameworks */ = {
			isa = PBXFrameworksBuildPhase;
			buildActionMask = 2147483647;
			files = (
			);
			runOnlyForDeploymentPostprocessing = 0;
		};
		A3D6E5A92C44FA390032F076 /* Frameworks */ = {
			isa = PBXFrameworksBuildPhase;
			buildActionMask = 2147483647;
			files = (
			);
			runOnlyForDeploymentPostprocessing = 0;
		};
/* End PBXFrameworksBuildPhase section */

/* Begin PBXGroup section */
		A3D6E5832C44FA360032F076 = {
			isa = PBXGroup;
			children = (
				A3D6E58E2C44FA360032F076 /* Counter */,
				A3D6E5A52C44FA390032F076 /* CounterTests */,
				A3D6E5AF2C44FA390032F076 /* CounterUITests */,
				A3D6E58D2C44FA360032F076 /* Products */,
			);
			sourceTree = "<group>";
		};
		A3D6E58D2C44FA360032F076 /* Products */ = {
			isa = PBXGroup;
			children = (
				A3D6E58C2C44FA360032F076 /* Counter.app */,
				A3D6E5A22C44FA380032F076 /* CounterTests.xctest */,
				A3D6E5AC2C44FA390032F076 /* CounterUITests.xctest */,
			);
			name = Products;
			sourceTree = "<group>";
		};
		A3D6E58E2C44FA360032F076 /* Counter */ = {
			isa = PBXGroup;
			children = (
				A3D6E58F2C44FA360032F076 /* AppDelegate.swift */,
				A3D6E5912C44FA360032F076 /* SceneDelegate.swift */,
				A3D6E5932C44FA360032F076 /* ViewController.swift */,
				A3D6E5952C44FA360032F076 /* Main.storyboard */,
				A3D6E5982C44FA380032F076 /* Assets.xcassets */,
				A3D6E59A2C44FA380032F076 /* LaunchScreen.storyboard */,
				A3D6E59D2C44FA380032F076 /* Info.plist */,
			);
			path = Counter;
			sourceTree = "<group>";
		};
		A3D6E5A52C44FA390032F076 /* CounterTests */ = {
			isa = PBXGroup;
			children = (
				A3D6E5A62C44FA390032F076 /* CounterTests.swift */,
			);
			path = CounterTests;
			sourceTree = "<group>";
		};
		A3D6E5AF2C44FA390032F076 /* CounterUITests */ = {
			isa = PBXGroup;
			children = (
				A3D6E5B02C44FA390032F076 /* CounterUITests.swift */,
				A3D6E5B22C44FA390032F076 /* CounterUITestsLaunchTests.swift */,
			);
			path = CounterUITests;
			sourceTree = "<group>";
		};
/* End PBXGroup section */

/* Begin PBXNativeTarget section */
		A3D6E58B2C44FA360032F076 /* Counter */ = {
			isa = PBXNativeTarget;
			buildConfigurationList = A3D6E5B62C44FA390032F076 /* Build configuration list for PBXNativeTarget "Counter" */;
			buildPhases = (
				A3D6E5882C44FA360032F076 /* Sources */,
				A3D6E5892C44FA360032F076 /* Frameworks */,
				A3D6E58A2C44FA360032F076 /* Resources */,
			);
			buildRules = (
			);
			dependencies = (
			);
			name = Counter;
			productName = Counter;
			productReference = A3D6E58C2C44FA360032F076 /* Counter.app */;
			productType = "com.apple.product-type.application";
		};
		A3D6E5A12C44FA380032F076 /* CounterTests */ = {
			isa = PBXNativeTarget;
			buildConfigurationList = A3D6E5B92C44FA390032F076 /* Build configuration list for PBXNativeTarget "CounterTests" */;
			buildPhases = (
				A3D6E59E2C44FA380032F076 /* Sources */,
				A3D6E59F2C44FA380032F076 /* Frameworks */,
				A3D6E5A02C44FA380032F076 /* Resources */,
			);
			buildRules = (
			);
			dependencies = (
				A3D6E5A42C44FA380032F076 /* PBXTargetDependency */,
			);
			name = CounterTests;
			productName = CounterTests;
			productReference = A3D6E5A22C44FA380032F076 /* CounterTests.xctest */;
			productType = "com.apple.product-type.bundle.unit-test";
		};
		A3D6E5AB2C44FA390032F076 /* CounterUITests */ = {
			isa = PBXNativeTarget;
			buildConfigurationList = A3D6E5BC2C44FA390032F076 /* Build configuration list for PBXNativeTarget "CounterUITests" */;
			buildPhases = (
				A3D6E5A82C44FA390032F076 /* Sources */,
				A3D6E5A92C44FA390032F076 /* Frameworks */,
				A3D6E5AA2C44FA390032F076 /* Resources */,
			);
			buildRules = (
			);
			dependencies = (
				A3D6E5AE2C44FA390032F076 /* PBXTargetDependency */,
			);
			name = CounterUITests;
			productName = CounterUITests;
			productReference = A3D6E5AC2C44FA390032F076 /* CounterUITests.xctest */;
			productType = "com.apple.product-type.bundle.ui-testing";
		};
/* End PBXNativeTarget section */

/* Begin PBXProject section */
		A3D6E5842C44FA360032F076 /* Project object */ = {
			isa = PBXProject;
			attributes = {
				BuildIndependentTargetsInParallel = 1;
				LastSwiftUpdateCheck = 1540;
				LastUpgradeCheck = 1540;
				TargetAttributes = {
					A3D6E58B2C44FA360032F076 = {
						CreatedOnToolsVersion = 15.4;
					};
					A3D6E5A12C44FA380032F076 = {
						CreatedOnToolsVersion = 15.4;
						TestTargetID = A3D6E58B2C44FA360032F076;
					};
					A3D6E5AB2C44FA390032F076 = {
						CreatedOnToolsVersion = 15.4;
						TestTargetID = A3D6E58B2C44FA360032F076;
					};
				};
			};
			buildConfigurationList = A3D6E5872C44FA360032F076 /* Build configuration list for PBXProject "Counter" */;
			compatibilityVersion = "Xcode 14.0";
			developmentRegion = en;
			hasScannedForEncodings = 0;
			knownRegions = (
				en,
				Base,
			);
			mainGroup = A3D6E5832C44FA360032F076;
			productRefGroup = A3D6E58D2C44FA360032F076 /* Products */;
			projectDirPath = "";
			projectRoot = "";
			targets = (
				A3D6E58B2C44FA360032F076 /* Counter */,
				A3D6E5A12C44FA380032F076 /* CounterTests */,
				A3D6E5AB2C44FA390032F076 /* CounterUITests */,
			);
		};
/* End PBXProject section */

/* Begin PBXResourcesBuildPhase section */
		A3D6E58A2C44FA360032F076 /* Resources */ = {
			isa = PBXResourcesBuildPhase;
			buildActionMask = 2147483647;
			files = (
				A3D6E5992C44FA380032F076 /* Assets.xcassets in Resources */,
				A3D6E59C2C44FA380032F076 /* Base in Resources */,
				A3D6E5972C44FA360032F076 /* Base in Resources */,
			);
			runOnlyForDeploymentPostprocessing = 0;
		};
		A3D6E5A02C44FA380032F076 /* Resources */ = {
			isa = PBXResourcesBuildPhase;
			buildActionMask = 2147483647;
			files = (
			);
			runOnlyForDeploymentPostprocessing = 0;
		};
		A3D6E5AA2C44FA390032F076 /* Resources */ = {
			isa = PBXResourcesBuildPhase;
			buildActionMask = 2147483647;
			files = (
			);
			runOnlyForDeploymentPostprocessing = 0;
		};
/* End PBXResourcesBuildPhase section */

/* Begin PBXSourcesBuildPhase section */
		A3D6E5882C44FA360032F076 /* Sources */ = {
			isa = PBXSourcesBuildPhase;
			buildActionMask = 2147483647;
			files = (
				A3D6E5942C44FA360032F076 /* ViewController.swift in Sources */,
				A3D6E5902C44FA360032F076 /* AppDelegate.swift in Sources */,
				A3D6E5922C44FA360032F076 /* SceneDelegate.swift in Sources */,
			);
			runOnlyForDeploymentPostprocessing = 0;
		};
		A3D6E59E2C44FA380032F076 /* Sources */ = {
			isa = PBXSourcesBuildPhase;
			buildActionMask = 2147483647;
			files = (
				A3D6E5A72C44FA390032F076 /* CounterTests.swift in Sources */,
			);
			runOnlyForDeploymentPostprocessing = 0;
		};
		A3D6E5A82C44FA390032F076 /* Sources */ = {
			isa = PBXSourcesBuildPhase;
			buildActionMask = 2147483647;
			files = (
				A3D6E5B12C44FA390032F076 /* CounterUITests.swift in Sources */,
				A3D6E5B32C44FA390032F076 /* CounterUITestsLaunchTests.swift in Sources */,
			);
			runOnlyForDeploymentPostprocessing = 0;
		};
/* End PBXSourcesBuildPhase section */

/* Begin PBXTargetDependency section */
		A3D6E5A42C44FA380032F076 /* PBXTargetDependency */ = {
			isa = PBXTargetDependency;
			target = A3D6E58B2C44FA360032F076 /* Counter */;
			targetProxy = A3D6E5A32C44FA380032F076 /* PBXContainerItemProxy */;
		};
		A3D6E5AE2C44FA390032F076 /* PBXTargetDependency */ = {
			isa = PBXTargetDependency;
			target = A3D6E58B2C44FA360032F076 /* Counter */;
			targetProxy = A3D6E5AD2C44FA390032F076 /* PBXContainerItemProxy */;
		};
/* End PBXTargetDependency section */

/* Begin PBXVariantGroup section */
		A3D6E5952C44FA360032F076 /* Main.storyboard */ = {
			isa = PBXVariantGroup;
			children = (
				A3D6E5962C44FA360032F076 /* Base */,
			);
			name = Main.storyboard;
			sourceTree = "<group>";
		};
		A3D6E59A2C44FA380032F076 /* LaunchScreen.storyboard */ = {
			isa = PBXVariantGroup;
			children = (
				A3D6E59B2C44FA380032F076 /* Base */,
			);
			name = LaunchScreen.storyboard;
			sourceTree = "<group>";
		};
/* End PBXVariantGroup section */

/* Begin XCBuildConfiguration section */
		A3D6E5B42C44FA390032F076 /* Debug */ = {
			isa = XCBuildConfiguration;
			buildSettings = {
				ALWAYS_SEARCH_USER_PATHS = NO;
				ASSETCATALOG_COMPILER_GENERATE_SWIFT_ASSET_SYMBOL_EXTENSIONS = YES;
				CLANG_ANALYZER_NONNULL = YES;
				CLANG_ANALYZER_NUMBER_OBJECT_CONVERSION = YES_AGGRESSIVE;
				CLANG_CXX_LANGUAGE_STANDARD = "gnu++20";
				CLANG_ENABLE_MODULES = YES;
				CLANG_ENABLE_OBJC_ARC = YES;
				CLANG_ENABLE_OBJC_WEAK = YES;
				CLANG_WARN_BLOCK_CAPTURE_AUTORELEASING = YES;
				CLANG_WARN_BOOL_CONVERSION = YES;
				CLANG_WARN_COMMA = YES;
				CLANG_WARN_CONSTANT_CONVERSION = YES;
				CLANG_WARN_DEPRECATED_OBJC_IMPLEMENTATIONS = YES;
				CLANG_WARN_DIRECT_OBJC_ISA_USAGE = YES_ERROR;
				CLANG_WARN_DOCUMENTATION_COMMENTS = YES;
				CLANG_WARN_EMPTY_BODY = YES;
				CLANG_WARN_ENUM_CONVERSION = YES;
				CLANG_WARN_INFINITE_RECURSION = YES;
				CLANG_WARN_INT_CONVERSION = YES;
				CLANG_WARN_NON_LITERAL_NULL_CONVERSION = YES;
				CLANG_WARN_OBJC_IMPLICIT_RETAIN_SELF = YES;
				CLANG_WARN_OBJC_LITERAL_CONVERSION = YES;
				CLANG_WARN_OBJC_ROOT_CLASS = YES_ERROR;
				CLANG_WARN_QUOTED_INCLUDE_IN_FRAMEWORK_HEADER = YES;
				CLANG_WARN_RANGE_LOOP_ANALYSIS = YES;
				CLANG_WARN_STRICT_PROTOTYPES = YES;
				CLANG_WARN_SUSPICIOUS_MOVE = YES;
				CLANG_WARN_UNGUARDED_AVAILABILITY = YES_AGGRESSIVE;
				CLANG_WARN_UNREACHABLE_CODE = YES;
				CLANG_WARN__DUPLICATE_METHOD_MATCH = YES;
				COPY_PHASE_STRIP = NO;
				DEBUG_INFORMATION_FORMAT = dwarf;
				ENABLE_STRICT_OBJC_MSGSEND = YES;
				ENABLE_TESTABILITY = YES;
				ENABLE_USER_SCRIPT_SANDBOXING = YES;
				GCC_C_LANGUAGE_STANDARD = gnu17;
				GCC_DYNAMIC_NO_PIC = NO;
				GCC_NO_COMMON_BLOCKS = YES;
				GCC_OPTIMIZATION_LEVEL = 0;
				GCC_PREPROCESSOR_DEFINITIONS = (
					"DEBUG=1",
					"$(inherited)",
				);
				GCC_WARN_64_TO_32_BIT_CONVERSION = YES;
				GCC_WARN_ABOUT_RETURN_TYPE = YES_ERROR;
				GCC_WARN_UNDECLARED_SELECTOR = YES;
				GCC_WARN_UNINITIALIZED_AUTOS = YES_AGGRESSIVE;
				GCC_WARN_UNUSED_FUNCTION = YES;
				GCC_WARN_UNUSED_VARIABLE = YES;
				IPHONEOS_DEPLOYMENT_TARGET = 17.5;
				LOCALIZATION_PREFERS_STRING_CATALOGS = YES;
				MTL_ENABLE_DEBUG_INFO = INCLUDE_SOURCE;
				MTL_FAST_MATH = YES;
				ONLY_ACTIVE_ARCH = YES;
				SDKROOT = iphoneos;
				SWIFT_ACTIVE_COMPILATION_CONDITIONS = "DEBUG $(inherited)";
				SWIFT_OPTIMIZATION_LEVEL = "-Onone";
			};
			name = Debug;
		};
		A3D6E5B52C44FA390032F076 /* Release */ = {
			isa = XCBuildConfiguration;
			buildSettings = {
				ALWAYS_SEARCH_USER_PATHS = NO;
				ASSETCATALOG_COMPILER_GENERATE_SWIFT_ASSET_SYMBOL_EXTENSIONS = YES;
				CLANG_ANALYZER_NONNULL = YES;
				CLANG_ANALYZER_NUMBER_OBJECT_CONVERSION = YES_AGGRESSIVE;
				CLANG_CXX_LANGUAGE_STANDARD = "gnu++20";
				CLANG_ENABLE_MODULES = YES;
				CLANG_ENABLE_OBJC_ARC = YES;
				CLANG_ENABLE_OBJC_WEAK = YES;
				CLANG_WARN_BLOCK_CAPTURE_AUTORELEASING = YES;
				CLANG_WARN_BOOL_CONVERSION = YES;
				CLANG_WARN_COMMA = YES;
				CLANG_WARN_CONSTANT_CONVERSION = YES;
				CLANG_WARN_DEPRECATED_OBJC_IMPLEMENTATIONS = YES;
				CLANG_WARN_DIRECT_OBJC_ISA_USAGE = YES_ERROR;
				CLANG_WARN_DOCUMENTATION_COMMENTS = YES;
				CLANG_WARN_EMPTY_BODY = YES;
				CLANG_WARN_ENUM_CONVERSION = YES;
				CLANG_WARN_INFINITE_RECURSION = YES;
				CLANG_WARN_INT_CONVERSION = YES;
				CLANG_WARN_NON_LITERAL_NULL_CONVERSION = YES;
				CLANG_WARN_OBJC_IMPLICIT_RETAIN_SELF = YES;
				CLANG_WARN_OBJC_LITERAL_CONVERSION = YES;
				CLANG_WARN_OBJC_ROOT_CLASS = YES_ERROR;
				CLANG_WARN_QUOTED_INCLUDE_IN_FRAMEWORK_HEADER = YES;
				CLANG_WARN_RANGE_LOOP_ANALYSIS = YES;
				CLANG_WARN_STRICT_PROTOTYPES = YES;
				CLANG_WARN_SUSPICIOUS_MOVE = YES;
				CLANG_WARN_UNGUARDED_AVAILABILITY = YES_AGGRESSIVE;
				CLANG_WARN_UNREACHABLE_CODE = YES;
				CLANG_WARN__DUPLICATE_METHOD_MATCH = YES;
				COPY_PHASE_STRIP = NO;
				DEBUG_INFORMATION_FORMAT = "dwarf-with-dsym";
				ENABLE_NS_ASSERTIONS = NO;
				ENABLE_STRICT_OBJC_MSGSEND = YES;
				ENABLE_USER_SCRIPT_SANDBOXING = YES;
				GCC_C_LANGUAGE_STANDARD = gnu17;
				GCC_NO_COMMON_BLOCKS = YES;
				GCC_WARN_64_TO_32_BIT_CONVERSION = YES;
				GCC_WARN_ABOUT_RETURN_TYPE = YES_ERROR;
				GCC_WARN_UNDECLARED_SELECTOR = YES;
				GCC_WARN_UNINITIALIZED_AUTOS = YES_AGGRESSIVE;
				GCC_WARN_UNUSED_FUNCTION = YES;
				GCC_WARN_UNUSED_VARIABLE = YES;
				IPHONEOS_DEPLOYMENT_TARGET = 17.5;
				LOCALIZATION_PREFERS_STRING_CATALOGS = YES;
				MTL_ENABLE_DEBUG_INFO = NO;
				MTL_FAST_MATH = YES;
				SDKROOT = iphoneos;
				SWIFT_COMPILATION_MODE = wholemodule;
				VALIDATE_PRODUCT = YES;
			};
			name = Release;
		};
		A3D6E5B72C44FA390032F076 /* Debug */ = {
			isa = XCBuildConfiguration;
			buildSettings = {
				ASSETCATALOG_COMPILER_APPICON_NAME = AppIcon;
				ASSETCATALOG_COMPILER_GLOBAL_ACCENT_COLOR_NAME = AccentColor;
				CODE_SIGN_STYLE = Automatic;
				CURRENT_PROJECT_VERSION = 1;
				GENERATE_INFOPLIST_FILE = YES;
				INFOPLIST_FILE = Counter/Info.plist;
				INFOPLIST_KEY_UIApplicationSupportsIndirectInputEvents = YES;
				INFOPLIST_KEY_UILaunchStoryboardName = LaunchScreen;
				INFOPLIST_KEY_UIMainStoryboardFile = Main;
				INFOPLIST_KEY_UISupportedInterfaceOrientations_iPad = "UIInterfaceOrientationPortrait UIInterfaceOrientationPortraitUpsideDown UIInterfaceOrientationLandscapeLeft UIInterfaceOrientationLandscapeRight";
				INFOPLIST_KEY_UISupportedInterfaceOrientations_iPhone = "UIInterfaceOrientationPortrait UIInterfaceOrientationLandscapeLeft UIInterfaceOrientationLandscapeRight";
				LD_RUNPATH_SEARCH_PATHS = (
					"$(inherited)",
					"@executable_path/Frameworks",
				);
				MARKETING_VERSION = 1.0;
				PRODUCT_BUNDLE_IDENTIFIER = SymbatS.Counter;
				PRODUCT_NAME = "$(TARGET_NAME)";
				SWIFT_EMIT_LOC_STRINGS = YES;
				SWIFT_VERSION = 5.0;
				TARGETED_DEVICE_FAMILY = "1,2";
			};
			name = Debug;
		};
		A3D6E5B82C44FA390032F076 /* Release */ = {
			isa = XCBuildConfiguration;
			buildSettings = {
				ASSETCATALOG_COMPILER_APPICON_NAME = AppIcon;
				ASSETCATALOG_COMPILER_GLOBAL_ACCENT_COLOR_NAME = AccentColor;
				CODE_SIGN_STYLE = Automatic;
				CURRENT_PROJECT_VERSION = 1;
				GENERATE_INFOPLIST_FILE = YES;
				INFOPLIST_FILE = Counter/Info.plist;
				INFOPLIST_KEY_UIApplicationSupportsIndirectInputEvents = YES;
				INFOPLIST_KEY_UILaunchStoryboardName = LaunchScreen;
				INFOPLIST_KEY_UIMainStoryboardFile = Main;
				INFOPLIST_KEY_UISupportedInterfaceOrientations_iPad = "UIInterfaceOrientationPortrait UIInterfaceOrientationPortraitUpsideDown UIInterfaceOrientationLandscapeLeft UIInterfaceOrientationLandscapeRight";
				INFOPLIST_KEY_UISupportedInterfaceOrientations_iPhone = "UIInterfaceOrientationPortrait UIInterfaceOrientationLandscapeLeft UIInterfaceOrientationLandscapeRight";
				LD_RUNPATH_SEARCH_PATHS = (
					"$(inherited)",
					"@executable_path/Frameworks",
				);
				MARKETING_VERSION = 1.0;
				PRODUCT_BUNDLE_IDENTIFIER = SymbatS.Counter;
				PRODUCT_NAME = "$(TARGET_NAME)";
				SWIFT_EMIT_LOC_STRINGS = YES;
				SWIFT_VERSION = 5.0;
				TARGETED_DEVICE_FAMILY = "1,2";
			};
			name = Release;
		};
		A3D6E5BA2C44FA390032F076 /* Debug */ = {
			isa = XCBuildConfiguration;
			buildSettings = {
				ALWAYS_EMBED_SWIFT_STANDARD_LIBRARIES = YES;
				BUNDLE_LOADER = "$(TEST_HOST)";
				CODE_SIGN_STYLE = Automatic;
				CURRENT_PROJECT_VERSION = 1;
				GENERATE_INFOPLIST_FILE = YES;
				IPHONEOS_DEPLOYMENT_TARGET = 17.5;
				MARKETING_VERSION = 1.0;
				PRODUCT_BUNDLE_IDENTIFIER = SymbatS.CounterTests;
				PRODUCT_NAME = "$(TARGET_NAME)";
				SWIFT_EMIT_LOC_STRINGS = NO;
				SWIFT_VERSION = 5.0;
				TARGETED_DEVICE_FAMILY = "1,2";
				TEST_HOST = "$(BUILT_PRODUCTS_DIR)/Counter.app/$(BUNDLE_EXECUTABLE_FOLDER_PATH)/Counter";
			};
			name = Debug;
		};
		A3D6E5BB2C44FA390032F076 /* Release */ = {
			isa = XCBuildConfiguration;
			buildSettings = {
				ALWAYS_EMBED_SWIFT_STANDARD_LIBRARIES = YES;
				BUNDLE_LOADER = "$(TEST_HOST)";
				CODE_SIGN_STYLE = Automatic;
				CURRENT_PROJECT_VERSION = 1;
				GENERATE_INFOPLIST_FILE = YES;
				IPHONEOS_DEPLOYMENT_TARGET = 17.5;
				MARKETING_VERSION = 1.0;
				PRODUCT_BUNDLE_IDENTIFIER = SymbatS.CounterTests;
				PRODUCT_NAME = "$(TARGET_NAME)";
				SWIFT_EMIT_LOC_STRINGS = NO;
				SWIFT_VERSION = 5.0;
				TARGETED_DEVICE_FAMILY = "1,2";
				TEST_HOST = "$(BUILT_PRODUCTS_DIR)/Counter.app/$(BUNDLE_EXECUTABLE_FOLDER_PATH)/Counter";
			};
			name = Release;
		};
		A3D6E5BD2C44FA390032F076 /* Debug */ = {
			isa = XCBuildConfiguration;
			buildSettings = {
				ALWAYS_EMBED_SWIFT_STANDARD_LIBRARIES = YES;
				CODE_SIGN_STYLE = Automatic;
				CURRENT_PROJECT_VERSION = 1;
				GENERATE_INFOPLIST_FILE = YES;
				MARKETING_VERSION = 1.0;
				PRODUCT_BUNDLE_IDENTIFIER = SymbatS.CounterUITests;
				PRODUCT_NAME = "$(TARGET_NAME)";
				SWIFT_EMIT_LOC_STRINGS = NO;
				SWIFT_VERSION = 5.0;
				TARGETED_DEVICE_FAMILY = "1,2";
				TEST_TARGET_NAME = Counter;
			};
			name = Debug;
		};
		A3D6E5BE2C44FA390032F076 /* Release */ = {
			isa = XCBuildConfiguration;
			buildSettings = {
				ALWAYS_EMBED_SWIFT_STANDARD_LIBRARIES = YES;
				CODE_SIGN_STYLE = Automatic;
				CURRENT_PROJECT_VERSION = 1;
				GENERATE_INFOPLIST_FILE = YES;
				MARKETING_VERSION = 1.0;
				PRODUCT_BUNDLE_IDENTIFIER = SymbatS.CounterUITests;
				PRODUCT_NAME = "$(TARGET_NAME)";
				SWIFT_EMIT_LOC_STRINGS = NO;
				SWIFT_VERSION = 5.0;
				TARGETED_DEVICE_FAMILY = "1,2";
				TEST_TARGET_NAME = Counter;
			};
			name = Release;
		};
/* End XCBuildConfiguration section */

/* Begin XCConfigurationList section */
		A3D6E5872C44FA360032F076 /* Build configuration list for PBXProject "Counter" */ = {
			isa = XCConfigurationList;
			buildConfigurations = (
				A3D6E5B42C44FA390032F076 /* Debug */,
				A3D6E5B52C44FA390032F076 /* Release */,
			);
			defaultConfigurationIsVisible = 0;
			defaultConfigurationName = Release;
		};
		A3D6E5B62C44FA390032F076 /* Build configuration list for PBXNativeTarget "Counter" */ = {
			isa = XCConfigurationList;
			buildConfigurations = (
				A3D6E5B72C44FA390032F076 /* Debug */,
				A3D6E5B82C44FA390032F076 /* Release */,
			);
			defaultConfigurationIsVisible = 0;
			defaultConfigurationName = Release;
		};
		A3D6E5B92C44FA390032F076 /* Build configuration list for PBXNativeTarget "CounterTests" */ = {
			isa = XCConfigurationList;
			buildConfigurations = (
				A3D6E5BA2C44FA390032F076 /* Debug */,
				A3D6E5BB2C44FA390032F076 /* Release */,
			);
			defaultConfigurationIsVisible = 0;
			defaultConfigurationName = Release;
		};
		A3D6E5BC2C44FA390032F076 /* Build configuration list for PBXNativeTarget "CounterUITests" */ = {
			isa = XCConfigurationList;
			buildConfigurations = (
				A3D6E5BD2C44FA390032F076 /* Debug */,
				A3D6E5BE2C44FA390032F076 /* Release */,
			);
			defaultConfigurationIsVisible = 0;
			defaultConfigurationName = Release;
		};
/* End XCConfigurationList section */
	};
	rootObject = A3D6E5842C44FA360032F076 /* Project object */;
}
